
Microsoft Visual Studio Solution File, Format Version 12.00
# Visual Studio Version 17
VisualStudioVersion = 17.14.36511.14 d17.14
MinimumVisualStudioVersion = 10.0.40219.1
Project("{FAE04EC0-301F-11D3-BF4B-00C04F79EFBC}") = "ReverseShellService", "ReverseShellService\ReverseShellService.csproj", "{B43DB8B0-314E-4021-8A5B-F7F903477603}"
EndProject
Global
	GlobalSection(SolutionConfigurationPlatforms) = preSolution
		Debug|Any CPU = Debug|Any CPU
		Release|Any CPU = Release|Any CPU
	EndGlobalSection
	GlobalSection(ProjectConfigurationPlatforms) = postSolution
		{B43DB8B0-314E-4021-8A5B-F7F903477603}.Debug|Any CPU.ActiveCfg = Debug|Any CPU
		{B43DB8B0-314E-4021-8A5B-F7F903477603}.Debug|Any CPU.Build.0 = Debug|Any CPU
		{B43DB8B0-314E-4021-8A5B-F7F903477603}.Release|Any CPU.ActiveCfg = Release|Any CPU
		{B43DB8B0-314E-4021-8A5B-F7F903477603}.Release|Any CPU.Build.0 = Release|Any CPU
	EndGlobalSection
	GlobalSection(SolutionProperties) = preSolution
		HideSolutionNode = FALSE
	EndGlobalSection
	GlobalSection(ExtensibilityGlobals) = postSolution
		SolutionGuid = {A1564AA3-4CD3-407E-96DC-2DCEC1827BB0}
	EndGlobalSection
EndGlobal
